// !$*UTF8*$!
{
	archiveVersion = 1;
	classes = {
	};
	objectVersion = 46;
	objects = {

/* Begin PBXBuildFile section */
		10EBB4657F1C8C1C46A0F167 /* Pods_NewsDemo.framework in Frameworks */ = {isa = PBXBuildFile; fileRef = B62665A7B3F286C98FEAE45F /* Pods_NewsDemo.framework */; };
		141ED0521F0148B50063B6D8 /* main.m in Sources */ = {isa = PBXBuildFile; fileRef = 141ED0511F0148B50063B6D8 /* main.m */; };
		141ED0551F0148B50063B6D8 /* AppDelegate.m in Sources */ = {isa = PBXBuildFile; fileRef = 141ED0541F0148B50063B6D8 /* AppDelegate.m */; };
		141ED0581F0148B50063B6D8 /* ViewController.m in Sources */ = {isa = PBXBuildFile; fileRef = 141ED0571F0148B50063B6D8 /* ViewController.m */; };
		141ED05B1F0148B50063B6D8 /* Main.storyboard in Resources */ = {isa = PBXBuildFile; fileRef = 141ED0591F0148B50063B6D8 /* Main.storyboard */; };
		141ED0601F0148B50063B6D8 /* Assets.xcassets in Resources */ = {isa = PBXBuildFile; fileRef = 141ED05F1F0148B50063B6D8 /* Assets.xcassets */; };
		141ED0631F0148B50063B6D8 /* LaunchScreen.storyboard in Resources */ = {isa = PBXBuildFile; fileRef = 141ED0611F0148B50063B6D8 /* LaunchScreen.storyboard */; };
		141ED06E1F0148B50063B6D8 /* NewsDemoTests.m in Sources */ = {isa = PBXBuildFile; fileRef = 141ED06D1F0148B50063B6D8 /* NewsDemoTests.m */; };
		141ED0791F0148B50063B6D8 /* NewsDemoUITests.m in Sources */ = {isa = PBXBuildFile; fileRef = 141ED0781F0148B50063B6D8 /* NewsDemoUITests.m */; };
		144D96C71F029EF00086BBC4 /* WFBigImageNewsCell.m in Sources */ = {isa = PBXBuildFile; fileRef = 144D96B01F029EF00086BBC4 /* WFBigImageNewsCell.m */; };
		144D96C81F029EF00086BBC4 /* WFBigImageNewsCell.xib in Resources */ = {isa = PBXBuildFile; fileRef = 144D96B11F029EF00086BBC4 /* WFBigImageNewsCell.xib */; };
		144D96C91F029EF00086BBC4 /* WFImagesNewsCell.m in Sources */ = {isa = PBXBuildFile; fileRef = 144D96B21F029EF00086BBC4 /* WFImagesNewsCell.m */; };
		144D96CA1F029EF00086BBC4 /* WFImagesNewsCell.xib in Resources */ = {isa = PBXBuildFile; fileRef = 144D96B31F029EF00086BBC4 /* WFImagesNewsCell.xib */; };
		144D96CB1F029EF00086BBC4 /* WFImageTextNews.xib in Resources */ = {isa = PBXBuildFile; fileRef = 144D96B41F029EF00086BBC4 /* WFImageTextNews.xib */; };
		144D96CC1F029EF00086BBC4 /* WFNewsADCell.m in Sources */ = {isa = PBXBuildFile; fileRef = 144D96B61F029EF00086BBC4 /* WFNewsADCell.m */; };
		144D96CD1F029EF00086BBC4 /* WFNewsADCell.xib in Resources */ = {isa = PBXBuildFile; fileRef = 144D96B71F029EF00086BBC4 /* WFNewsADCell.xib */; };
		144D96CE1F029EF00086BBC4 /* WFNewsMovieCell.m in Sources */ = {isa = PBXBuildFile; fileRef = 144D96B91F029EF00086BBC4 /* WFNewsMovieCell.m */; };
		144D96CF1F029EF00086BBC4 /* WFNewsMovieCell.xib in Resources */ = {isa = PBXBuildFile; fileRef = 144D96BA1F029EF00086BBC4 /* WFNewsMovieCell.xib */; };
		144D96D01F029EF00086BBC4 /* WFNewsTextCell.m in Sources */ = {isa = PBXBuildFile; fileRef = 144D96BB1F029EF00086BBC4 /* WFNewsTextCell.m */; };
		144D96D11F029EF00086BBC4 /* WFNewsTextCell.xib in Resources */ = {isa = PBXBuildFile; fileRef = 144D96BC1F029EF00086BBC4 /* WFNewsTextCell.xib */; };
		144D96D21F029EF00086BBC4 /* WFVideoNewsCell.m in Sources */ = {isa = PBXBuildFile; fileRef = 144D96BD1F029EF00086BBC4 /* WFVideoNewsCell.m */; };
		144D96D31F029EF00086BBC4 /* WFVideoNewsCell.xib in Resources */ = {isa = PBXBuildFile; fileRef = 144D96BE1F029EF00086BBC4 /* WFVideoNewsCell.xib */; };
		144D96D41F029EF00086BBC4 /* WFVideoTextCell.m in Sources */ = {isa = PBXBuildFile; fileRef = 144D96BF1F029EF00086BBC4 /* WFVideoTextCell.m */; };
		144D96D51F029EF00086BBC4 /* WFImageTextNews.m in Sources */ = {isa = PBXBuildFile; fileRef = 144D96C21F029EF00086BBC4 /* WFImageTextNews.m */; };
		144D96D61F029EF00086BBC4 /* WFVideoTextCell.xib in Resources */ = {isa = PBXBuildFile; fileRef = 144D96C61F029EF00086BBC4 /* WFVideoTextCell.xib */; };
		146C3E631F02B6FC001AC6D3 /* ShieldModule.m in Sources */ = {isa = PBXBuildFile; fileRef = 146C3E621F02B6FC001AC6D3 /* ShieldModule.m */; };
		146C3E6C1F03266E001AC6D3 /* NewsDB.xcdatamodeld in Sources */ = {isa = PBXBuildFile; fileRef = 146C3E6A1F03266E001AC6D3 /* NewsDB.xcdatamodeld */; };
		146C3E771F0328FB001AC6D3 /* NewsCache+CoreDataClass.m in Sources */ = {isa = PBXBuildFile; fileRef = 146C3E741F0328FB001AC6D3 /* NewsCache+CoreDataClass.m */; };
		146C3E781F0328FB001AC6D3 /* NewsCache+CoreDataProperties.m in Sources */ = {isa = PBXBuildFile; fileRef = 146C3E761F0328FB001AC6D3 /* NewsCache+CoreDataProperties.m */; };
		146C3E7B1F032A51001AC6D3 /* NewsCoreDataManager.m in Sources */ = {isa = PBXBuildFile; fileRef = 146C3E7A1F032A51001AC6D3 /* NewsCoreDataManager.m */; };
		C772C3681F02083C0046678E /* NSString+WFURLEncode.m in Sources */ = {isa = PBXBuildFile; fileRef = C772C35F1F02083C0046678E /* NSString+WFURLEncode.m */; };
		C772C3691F02083C0046678E /* UIViewExt.m in Sources */ = {isa = PBXBuildFile; fileRef = C772C3611F02083C0046678E /* UIViewExt.m */; };
		C772C3741F0229660046678E /* KMNetWorkManager.m in Sources */ = {isa = PBXBuildFile; fileRef = C772C3711F0229660046678E /* KMNetWorkManager.m */; };
		C772C3751F0229660046678E /* KMUtils.m in Sources */ = {isa = PBXBuildFile; fileRef = C772C3731F0229660046678E /* KMUtils.m */; };
		C772C37B1F0229AD0046678E /* KMNewsAPI.m in Sources */ = {isa = PBXBuildFile; fileRef = C772C3781F0229AD0046678E /* KMNewsAPI.m */; };
		C772C37C1F0229AD0046678E /* KMNewsModel.m in Sources */ = {isa = PBXBuildFile; fileRef = C772C37A1F0229AD0046678E /* KMNewsModel.m */; };
/* End PBXBuildFile section */

/* Begin PBXContainerItemProxy section */
		141ED06A1F0148B50063B6D8 /* PBXContainerItemProxy */ = {
			isa = PBXContainerItemProxy;
			containerPortal = 141ED0451F0148B50063B6D8 /* Project object */;
			proxyType = 1;
			remoteGlobalIDString = 141ED04C1F0148B50063B6D8;
			remoteInfo = NewsDemo;
		};
		141ED0751F0148B50063B6D8 /* PBXContainerItemProxy */ = {
			isa = PBXContainerItemProxy;
			containerPortal = 141ED0451F0148B50063B6D8 /* Project object */;
			proxyType = 1;
			remoteGlobalIDString = 141ED04C1F0148B50063B6D8;
			remoteInfo = NewsDemo;
		};
/* End PBXContainerItemProxy section */

/* Begin PBXFileReference section */
		141ED04D1F0148B50063B6D8 /* NewsDemo.app */ = {isa = PBXFileReference; explicitFileType = wrapper.application; includeInIndex = 0; path = NewsDemo.app; sourceTree = BUILT_PRODUCTS_DIR; };
		141ED0511F0148B50063B6D8 /* main.m */ = {isa = PBXFileReference; lastKnownFileType = sourcecode.c.objc; path = main.m; sourceTree = "<group>"; };
		141ED0531F0148B50063B6D8 /* AppDelegate.h */ = {isa = PBXFileReference; lastKnownFileType = sourcecode.c.h; path = AppDelegate.h; sourceTree = "<group>"; };
		141ED0541F0148B50063B6D8 /* AppDelegate.m */ = {isa = PBXFileReference; lastKnownFileType = sourcecode.c.objc; path = AppDelegate.m; sourceTree = "<group>"; };
		141ED0561F0148B50063B6D8 /* ViewController.h */ = {isa = PBXFileReference; lastKnownFileType = sourcecode.c.h; path = ViewController.h; sourceTree = "<group>"; };
		141ED0571F0148B50063B6D8 /* ViewController.m */ = {isa = PBXFileReference; lastKnownFileType = sourcecode.c.objc; path = ViewController.m; sourceTree = "<group>"; };
		141ED05A1F0148B50063B6D8 /* Base */ = {isa = PBXFileReference; lastKnownFileType = file.storyboard; name = Base; path = Base.lproj/Main.storyboard; sourceTree = "<group>"; };
		141ED05F1F0148B50063B6D8 /* Assets.xcassets */ = {isa = PBXFileReference; lastKnownFileType = folder.assetcatalog; path = Assets.xcassets; sourceTree = "<group>"; };
		141ED0621F0148B50063B6D8 /* Base */ = {isa = PBXFileReference; lastKnownFileType = file.storyboard; name = Base; path = Base.lproj/LaunchScreen.storyboard; sourceTree = "<group>"; };
		141ED0641F0148B50063B6D8 /* Info.plist */ = {isa = PBXFileReference; lastKnownFileType = text.plist.xml; path = Info.plist; sourceTree = "<group>"; };
		141ED0691F0148B50063B6D8 /* NewsDemoTests.xctest */ = {isa = PBXFileReference; explicitFileType = wrapper.cfbundle; includeInIndex = 0; path = NewsDemoTests.xctest; sourceTree = BUILT_PRODUCTS_DIR; };
		141ED06D1F0148B50063B6D8 /* NewsDemoTests.m */ = {isa = PBXFileReference; lastKnownFileType = sourcecode.c.objc; path = NewsDemoTests.m; sourceTree = "<group>"; };
		141ED06F1F0148B50063B6D8 /* Info.plist */ = {isa = PBXFileReference; lastKnownFileType = text.plist.xml; path = Info.plist; sourceTree = "<group>"; };
		141ED0741F0148B50063B6D8 /* NewsDemoUITests.xctest */ = {isa = PBXFileReference; explicitFileType = wrapper.cfbundle; includeInIndex = 0; path = NewsDemoUITests.xctest; sourceTree = BUILT_PRODUCTS_DIR; };
		141ED0781F0148B50063B6D8 /* NewsDemoUITests.m */ = {isa = PBXFileReference; lastKnownFileType = sourcecode.c.objc; path = NewsDemoUITests.m; sourceTree = "<group>"; };
		141ED07A1F0148B50063B6D8 /* Info.plist */ = {isa = PBXFileReference; lastKnownFileType = text.plist.xml; path = Info.plist; sourceTree = "<group>"; };
		142A35911F014F1B00A48282 /* PrefixHeader.pch */ = {isa = PBXFileReference; lastKnownFileType = sourcecode.c.h; path = PrefixHeader.pch; sourceTree = "<group>"; };
		144D96AF1F029EF00086BBC4 /* WFBigImageNewsCell.h */ = {isa = PBXFileReference; fileEncoding = 4; lastKnownFileType = sourcecode.c.h; name = WFBigImageNewsCell.h; path = News/Cell/WFBigImageNewsCell.h; sourceTree = "<group>"; };
		144D96B01F029EF00086BBC4 /* WFBigImageNewsCell.m */ = {isa = PBXFileReference; fileEncoding = 4; lastKnownFileType = sourcecode.c.objc; name = WFBigImageNewsCell.m; path = News/Cell/WFBigImageNewsCell.m; sourceTree = "<group>"; };
		144D96B11F029EF00086BBC4 /* WFBigImageNewsCell.xib */ = {isa = PBXFileReference; fileEncoding = 4; lastKnownFileType = file.xib; name = WFBigImageNewsCell.xib; path = News/Cell/WFBigImageNewsCell.xib; sourceTree = "<group>"; };
		144D96B21F029EF00086BBC4 /* WFImagesNewsCell.m */ = {isa = PBXFileReference; fileEncoding = 4; lastKnownFileType = sourcecode.c.objc; name = WFImagesNewsCell.m; path = News/Cell/WFImagesNewsCell.m; sourceTree = "<group>"; };
		144D96B31F029EF00086BBC4 /* WFImagesNewsCell.xib */ = {isa = PBXFileReference; fileEncoding = 4; lastKnownFileType = file.xib; name = WFImagesNewsCell.xib; path = News/Cell/WFImagesNewsCell.xib; sourceTree = "<group>"; };
		144D96B41F029EF00086BBC4 /* WFImageTextNews.xib */ = {isa = PBXFileReference; fileEncoding = 4; lastKnownFileType = file.xib; name = WFImageTextNews.xib; path = News/Cell/WFImageTextNews.xib; sourceTree = "<group>"; };
		144D96B51F029EF00086BBC4 /* WFNewsADCell.h */ = {isa = PBXFileReference; fileEncoding = 4; lastKnownFileType = sourcecode.c.h; name = WFNewsADCell.h; path = News/Cell/WFNewsADCell.h; sourceTree = "<group>"; };
		144D96B61F029EF00086BBC4 /* WFNewsADCell.m */ = {isa = PBXFileReference; fileEncoding = 4; lastKnownFileType = sourcecode.c.objc; name = WFNewsADCell.m; path = News/Cell/WFNewsADCell.m; sourceTree = "<group>"; };
		144D96B71F029EF00086BBC4 /* WFNewsADCell.xib */ = {isa = PBXFileReference; fileEncoding = 4; lastKnownFileType = file.xib; name = WFNewsADCell.xib; path = News/Cell/WFNewsADCell.xib; sourceTree = "<group>"; };
		144D96B81F029EF00086BBC4 /* WFNewsMovieCell.h */ = {isa = PBXFileReference; fileEncoding = 4; lastKnownFileType = sourcecode.c.h; name = WFNewsMovieCell.h; path = News/Cell/WFNewsMovieCell.h; sourceTree = "<group>"; };
		144D96B91F029EF00086BBC4 /* WFNewsMovieCell.m */ = {isa = PBXFileReference; fileEncoding = 4; lastKnownFileType = sourcecode.c.objc; name = WFNewsMovieCell.m; path = News/Cell/WFNewsMovieCell.m; sourceTree = "<group>"; };
		144D96BA1F029EF00086BBC4 /* WFNewsMovieCell.xib */ = {isa = PBXFileReference; fileEncoding = 4; lastKnownFileType = file.xib; name = WFNewsMovieCell.xib; path = News/Cell/WFNewsMovieCell.xib; sourceTree = "<group>"; };
		144D96BB1F029EF00086BBC4 /* WFNewsTextCell.m */ = {isa = PBXFileReference; fileEncoding = 4; lastKnownFileType = sourcecode.c.objc; name = WFNewsTextCell.m; path = News/Cell/WFNewsTextCell.m; sourceTree = "<group>"; };
		144D96BC1F029EF00086BBC4 /* WFNewsTextCell.xib */ = {isa = PBXFileReference; fileEncoding = 4; lastKnownFileType = file.xib; name = WFNewsTextCell.xib; path = News/Cell/WFNewsTextCell.xib; sourceTree = "<group>"; };
		144D96BD1F029EF00086BBC4 /* WFVideoNewsCell.m */ = {isa = PBXFileReference; fileEncoding = 4; lastKnownFileType = sourcecode.c.objc; name = WFVideoNewsCell.m; path = News/Cell/WFVideoNewsCell.m; sourceTree = "<group>"; };
		144D96BE1F029EF00086BBC4 /* WFVideoNewsCell.xib */ = {isa = PBXFileReference; fileEncoding = 4; lastKnownFileType = file.xib; name = WFVideoNewsCell.xib; path = News/Cell/WFVideoNewsCell.xib; sourceTree = "<group>"; };
		144D96BF1F029EF00086BBC4 /* WFVideoTextCell.m */ = {isa = PBXFileReference; fileEncoding = 4; lastKnownFileType = sourcecode.c.objc; name = WFVideoTextCell.m; path = News/Cell/WFVideoTextCell.m; sourceTree = "<group>"; };
		144D96C01F029EF00086BBC4 /* WFImagesNewsCell.h */ = {isa = PBXFileReference; fileEncoding = 4; lastKnownFileType = sourcecode.c.h; name = WFImagesNewsCell.h; path = News/Cell/WFImagesNewsCell.h; sourceTree = "<group>"; };
		144D96C11F029EF00086BBC4 /* WFImageTextNews.h */ = {isa = PBXFileReference; fileEncoding = 4; lastKnownFileType = sourcecode.c.h; name = WFImageTextNews.h; path = News/Cell/WFImageTextNews.h; sourceTree = "<group>"; };
		144D96C21F029EF00086BBC4 /* WFImageTextNews.m */ = {isa = PBXFileReference; fileEncoding = 4; lastKnownFileType = sourcecode.c.objc; name = WFImageTextNews.m; path = News/Cell/WFImageTextNews.m; sourceTree = "<group>"; };
		144D96C31F029EF00086BBC4 /* WFNewsTextCell.h */ = {isa = PBXFileReference; fileEncoding = 4; lastKnownFileType = sourcecode.c.h; name = WFNewsTextCell.h; path = News/Cell/WFNewsTextCell.h; sourceTree = "<group>"; };
		144D96C41F029EF00086BBC4 /* WFVideoNewsCell.h */ = {isa = PBXFileReference; fileEncoding = 4; lastKnownFileType = sourcecode.c.h; name = WFVideoNewsCell.h; path = News/Cell/WFVideoNewsCell.h; sourceTree = "<group>"; };
		144D96C51F029EF00086BBC4 /* WFVideoTextCell.h */ = {isa = PBXFileReference; fileEncoding = 4; lastKnownFileType = sourcecode.c.h; name = WFVideoTextCell.h; path = News/Cell/WFVideoTextCell.h; sourceTree = "<group>"; };
		144D96C61F029EF00086BBC4 /* WFVideoTextCell.xib */ = {isa = PBXFileReference; fileEncoding = 4; lastKnownFileType = file.xib; name = WFVideoTextCell.xib; path = News/Cell/WFVideoTextCell.xib; sourceTree = "<group>"; };
		146C3E611F02B6FC001AC6D3 /* ShieldModule.h */ = {isa = PBXFileReference; fileEncoding = 4; lastKnownFileType = sourcecode.c.h; path = ShieldModule.h; sourceTree = "<group>"; };
		146C3E621F02B6FC001AC6D3 /* ShieldModule.m */ = {isa = PBXFileReference; fileEncoding = 4; lastKnownFileType = sourcecode.c.objc; path = ShieldModule.m; sourceTree = "<group>"; };
		146C3E6B1F03266E001AC6D3 /* NewsDB.xcdatamodel */ = {isa = PBXFileReference; lastKnownFileType = wrapper.xcdatamodel; path = NewsDB.xcdatamodel; sourceTree = "<group>"; };
		146C3E731F0328FB001AC6D3 /* NewsCache+CoreDataClass.h */ = {isa = PBXFileReference; fileEncoding = 4; lastKnownFileType = sourcecode.c.h; path = "NewsCache+CoreDataClass.h"; sourceTree = "<group>"; };
		146C3E741F0328FB001AC6D3 /* NewsCache+CoreDataClass.m */ = {isa = PBXFileReference; fileEncoding = 4; lastKnownFileType = sourcecode.c.objc; path = "NewsCache+CoreDataClass.m"; sourceTree = "<group>"; };
		146C3E751F0328FB001AC6D3 /* NewsCache+CoreDataProperties.h */ = {isa = PBXFileReference; fileEncoding = 4; lastKnownFileType = sourcecode.c.h; path = "NewsCache+CoreDataProperties.h"; sourceTree = "<group>"; };
		146C3E761F0328FB001AC6D3 /* NewsCache+CoreDataProperties.m */ = {isa = PBXFileReference; fileEncoding = 4; lastKnownFileType = sourcecode.c.objc; path = "NewsCache+CoreDataProperties.m"; sourceTree = "<group>"; };
		146C3E791F032A51001AC6D3 /* NewsCoreDataManager.h */ = {isa = PBXFileReference; fileEncoding = 4; lastKnownFileType = sourcecode.c.h; path = NewsCoreDataManager.h; sourceTree = "<group>"; };
		146C3E7A1F032A51001AC6D3 /* NewsCoreDataManager.m */ = {isa = PBXFileReference; fileEncoding = 4; lastKnownFileType = sourcecode.c.objc; path = NewsCoreDataManager.m; sourceTree = "<group>"; };
		627DF82E776872C2E52206A9 /* Pods-NewsDemo.debug.xcconfig */ = {isa = PBXFileReference; includeInIndex = 1; lastKnownFileType = text.xcconfig; name = "Pods-NewsDemo.debug.xcconfig"; path = "Pods/Target Support Files/Pods-NewsDemo/Pods-NewsDemo.debug.xcconfig"; sourceTree = "<group>"; };
		B62665A7B3F286C98FEAE45F /* Pods_NewsDemo.framework */ = {isa = PBXFileReference; explicitFileType = wrapper.framework; includeInIndex = 0; path = Pods_NewsDemo.framework; sourceTree = BUILT_PRODUCTS_DIR; };
		C772C35E1F02083C0046678E /* NSString+WFURLEncode.h */ = {isa = PBXFileReference; fileEncoding = 4; lastKnownFileType = sourcecode.c.h; path = "NSString+WFURLEncode.h"; sourceTree = "<group>"; };
		C772C35F1F02083C0046678E /* NSString+WFURLEncode.m */ = {isa = PBXFileReference; fileEncoding = 4; lastKnownFileType = sourcecode.c.objc; path = "NSString+WFURLEncode.m"; sourceTree = "<group>"; };
		C772C3601F02083C0046678E /* UIViewExt.h */ = {isa = PBXFileReference; fileEncoding = 4; lastKnownFileType = sourcecode.c.h; path = UIViewExt.h; sourceTree = "<group>"; };
		C772C3611F02083C0046678E /* UIViewExt.m */ = {isa = PBXFileReference; fileEncoding = 4; lastKnownFileType = sourcecode.c.objc; path = UIViewExt.m; sourceTree = "<group>"; };
		C772C3701F0229660046678E /* KMNetWorkManager.h */ = {isa = PBXFileReference; fileEncoding = 4; lastKnownFileType = sourcecode.c.h; path = KMNetWorkManager.h; sourceTree = "<group>"; };
		C772C3711F0229660046678E /* KMNetWorkManager.m */ = {isa = PBXFileReference; fileEncoding = 4; lastKnownFileType = sourcecode.c.objc; path = KMNetWorkManager.m; sourceTree = "<group>"; };
		C772C3721F0229660046678E /* KMUtils.h */ = {isa = PBXFileReference; fileEncoding = 4; lastKnownFileType = sourcecode.c.h; path = KMUtils.h; sourceTree = "<group>"; };
		C772C3731F0229660046678E /* KMUtils.m */ = {isa = PBXFileReference; fileEncoding = 4; lastKnownFileType = sourcecode.c.objc; path = KMUtils.m; sourceTree = "<group>"; };
		C772C3771F0229AD0046678E /* KMNewsAPI.h */ = {isa = PBXFileReference; fileEncoding = 4; lastKnownFileType = sourcecode.c.h; path = KMNewsAPI.h; sourceTree = "<group>"; };
		C772C3781F0229AD0046678E /* KMNewsAPI.m */ = {isa = PBXFileReference; fileEncoding = 4; lastKnownFileType = sourcecode.c.objc; path = KMNewsAPI.m; sourceTree = "<group>"; };
		C772C3791F0229AD0046678E /* KMNewsModel.h */ = {isa = PBXFileReference; fileEncoding = 4; lastKnownFileType = sourcecode.c.h; path = KMNewsModel.h; sourceTree = "<group>"; };
		C772C37A1F0229AD0046678E /* KMNewsModel.m */ = {isa = PBXFileReference; fileEncoding = 4; lastKnownFileType = sourcecode.c.objc; path = KMNewsModel.m; sourceTree = "<group>"; };
		C88A758677C660B2C084DC02 /* Pods-NewsDemo.release.xcconfig */ = {isa = PBXFileReference; includeInIndex = 1; lastKnownFileType = text.xcconfig; name = "Pods-NewsDemo.release.xcconfig"; path = "Pods/Target Support Files/Pods-NewsDemo/Pods-NewsDemo.release.xcconfig"; sourceTree = "<group>"; };
/* End PBXFileReference section */

/* Begin PBXFrameworksBuildPhase section */
		141ED04A1F0148B50063B6D8 /* Frameworks */ = {
			isa = PBXFrameworksBuildPhase;
			buildActionMask = 2147483647;
			files = (
				10EBB4657F1C8C1C46A0F167 /* Pods_NewsDemo.framework in Frameworks */,
			);
			runOnlyForDeploymentPostprocessing = 0;
		};
		141ED0661F0148B50063B6D8 /* Frameworks */ = {
			isa = PBXFrameworksBuildPhase;
			buildActionMask = 2147483647;
			files = (
			);
			runOnlyForDeploymentPostprocessing = 0;
		};
		141ED0711F0148B50063B6D8 /* Frameworks */ = {
			isa = PBXFrameworksBuildPhase;
			buildActionMask = 2147483647;
			files = (
			);
			runOnlyForDeploymentPostprocessing = 0;
		};
/* End PBXFrameworksBuildPhase section */

/* Begin PBXGroup section */
		141ED0441F0148B50063B6D8 = {
			isa = PBXGroup;
			children = (
				141ED04F1F0148B50063B6D8 /* NewsDemo */,
				141ED06C1F0148B50063B6D8 /* NewsDemoTests */,
				141ED0771F0148B50063B6D8 /* NewsDemoUITests */,
				141ED04E1F0148B50063B6D8 /* Products */,
				9B934E05EB64AB4C2F33628D /* Pods */,
				53D5CDE59280331928977DB3 /* Frameworks */,
			);
			sourceTree = "<group>";
		};
		141ED04E1F0148B50063B6D8 /* Products */ = {
			isa = PBXGroup;
			children = (
				141ED04D1F0148B50063B6D8 /* NewsDemo.app */,
				141ED0691F0148B50063B6D8 /* NewsDemoTests.xctest */,
				141ED0741F0148B50063B6D8 /* NewsDemoUITests.xctest */,
			);
			name = Products;
			sourceTree = "<group>";
		};
		141ED04F1F0148B50063B6D8 /* NewsDemo */ = {
			isa = PBXGroup;
			children = (
				141ED0531F0148B50063B6D8 /* AppDelegate.h */,
				141ED0541F0148B50063B6D8 /* AppDelegate.m */,
				141ED0561F0148B50063B6D8 /* ViewController.h */,
				141ED0571F0148B50063B6D8 /* ViewController.m */,
				146C3E691F03262C001AC6D3 /* CoreDataManager */,
				C772C3761F0229AD0046678E /* News */,
				C772C36F1F0229660046678E /* Utils */,
				C772C3591F02083C0046678E /* Categories */,
				141ED0591F0148B50063B6D8 /* Main.storyboard */,
				141ED05F1F0148B50063B6D8 /* Assets.xcassets */,
				141ED0611F0148B50063B6D8 /* LaunchScreen.storyboard */,
				141ED0641F0148B50063B6D8 /* Info.plist */,
				141ED0501F0148B50063B6D8 /* Supporting Files */,
			);
			path = NewsDemo;
			sourceTree = "<group>";
		};
		141ED0501F0148B50063B6D8 /* Supporting Files */ = {
			isa = PBXGroup;
			children = (
				141ED0511F0148B50063B6D8 /* main.m */,
				142A35911F014F1B00A48282 /* PrefixHeader.pch */,
			);
			name = "Supporting Files";
			sourceTree = "<group>";
		};
		141ED06C1F0148B50063B6D8 /* NewsDemoTests */ = {
			isa = PBXGroup;
			children = (
				141ED06D1F0148B50063B6D8 /* NewsDemoTests.m */,
				141ED06F1F0148B50063B6D8 /* Info.plist */,
			);
			path = NewsDemoTests;
			sourceTree = "<group>";
		};
		141ED0771F0148B50063B6D8 /* NewsDemoUITests */ = {
			isa = PBXGroup;
			children = (
				141ED0781F0148B50063B6D8 /* NewsDemoUITests.m */,
				141ED07A1F0148B50063B6D8 /* Info.plist */,
			);
			path = NewsDemoUITests;
			sourceTree = "<group>";
		};
		144D96AE1F029EC50086BBC4 /* cells */ = {
			isa = PBXGroup;
			children = (
				144D96AF1F029EF00086BBC4 /* WFBigImageNewsCell.h */,
				144D96B01F029EF00086BBC4 /* WFBigImageNewsCell.m */,
				144D96B11F029EF00086BBC4 /* WFBigImageNewsCell.xib */,
				144D96B21F029EF00086BBC4 /* WFImagesNewsCell.m */,
				144D96B31F029EF00086BBC4 /* WFImagesNewsCell.xib */,
				144D96B41F029EF00086BBC4 /* WFImageTextNews.xib */,
				144D96B51F029EF00086BBC4 /* WFNewsADCell.h */,
				144D96B61F029EF00086BBC4 /* WFNewsADCell.m */,
				144D96B71F029EF00086BBC4 /* WFNewsADCell.xib */,
				144D96B81F029EF00086BBC4 /* WFNewsMovieCell.h */,
				144D96B91F029EF00086BBC4 /* WFNewsMovieCell.m */,
				144D96BA1F029EF00086BBC4 /* WFNewsMovieCell.xib */,
				144D96BB1F029EF00086BBC4 /* WFNewsTextCell.m */,
				144D96BC1F029EF00086BBC4 /* WFNewsTextCell.xib */,
				144D96BD1F029EF00086BBC4 /* WFVideoNewsCell.m */,
				144D96BE1F029EF00086BBC4 /* WFVideoNewsCell.xib */,
				144D96BF1F029EF00086BBC4 /* WFVideoTextCell.m */,
				144D96C01F029EF00086BBC4 /* WFImagesNewsCell.h */,
				144D96C11F029EF00086BBC4 /* WFImageTextNews.h */,
				144D96C21F029EF00086BBC4 /* WFImageTextNews.m */,
				144D96C31F029EF00086BBC4 /* WFNewsTextCell.h */,
				144D96C41F029EF00086BBC4 /* WFVideoNewsCell.h */,
				144D96C51F029EF00086BBC4 /* WFVideoTextCell.h */,
				144D96C61F029EF00086BBC4 /* WFVideoTextCell.xib */,
			);
			name = cells;
			path = ..;
			sourceTree = "<group>";
		};
		146C3E691F03262C001AC6D3 /* CoreDataManager */ = {
			isa = PBXGroup;
			children = (
				146C3E731F0328FB001AC6D3 /* NewsCache+CoreDataClass.h */,
				146C3E741F0328FB001AC6D3 /* NewsCache+CoreDataClass.m */,
				146C3E751F0328FB001AC6D3 /* NewsCache+CoreDataProperties.h */,
				146C3E761F0328FB001AC6D3 /* NewsCache+CoreDataProperties.m */,
				146C3E6A1F03266E001AC6D3 /* NewsDB.xcdatamodeld */,
				146C3E791F032A51001AC6D3 /* NewsCoreDataManager.h */,
				146C3E7A1F032A51001AC6D3 /* NewsCoreDataManager.m */,
			);
			name = CoreDataManager;
			sourceTree = "<group>";
		};
		53D5CDE59280331928977DB3 /* Frameworks */ = {
			isa = PBXGroup;
			children = (
				B62665A7B3F286C98FEAE45F /* Pods_NewsDemo.framework */,
			);
			name = Frameworks;
			sourceTree = "<group>";
		};
		9B934E05EB64AB4C2F33628D /* Pods */ = {
			isa = PBXGroup;
			children = (
				627DF82E776872C2E52206A9 /* Pods-NewsDemo.debug.xcconfig */,
				C88A758677C660B2C084DC02 /* Pods-NewsDemo.release.xcconfig */,
			);
			name = Pods;
			sourceTree = "<group>";
		};
		C772C3591F02083C0046678E /* Categories */ = {
			isa = PBXGroup;
			children = (
				C772C35E1F02083C0046678E /* NSString+WFURLEncode.h */,
				C772C35F1F02083C0046678E /* NSString+WFURLEncode.m */,
				C772C3601F02083C0046678E /* UIViewExt.h */,
				C772C3611F02083C0046678E /* UIViewExt.m */,
			);
			path = Categories;
			sourceTree = "<group>";
		};
		C772C36F1F0229660046678E /* Utils */ = {
			isa = PBXGroup;
			children = (
				C772C3701F0229660046678E /* KMNetWorkManager.h */,
				C772C3711F0229660046678E /* KMNetWorkManager.m */,
				C772C3721F0229660046678E /* KMUtils.h */,
				C772C3731F0229660046678E /* KMUtils.m */,
			);
			path = Utils;
			sourceTree = "<group>";
		};
		C772C3761F0229AD0046678E /* News */ = {
			isa = PBXGroup;
			children = (
				146C3E611F02B6FC001AC6D3 /* ShieldModule.h */,
				146C3E621F02B6FC001AC6D3 /* ShieldModule.m */,
				144D96AE1F029EC50086BBC4 /* cells */,
				C772C3771F0229AD0046678E /* KMNewsAPI.h */,
				C772C3781F0229AD0046678E /* KMNewsAPI.m */,
				C772C3791F0229AD0046678E /* KMNewsModel.h */,
				C772C37A1F0229AD0046678E /* KMNewsModel.m */,
			);
			path = News;
			sourceTree = "<group>";
		};
/* End PBXGroup section */

/* Begin PBXNativeTarget section */
		141ED04C1F0148B50063B6D8 /* NewsDemo */ = {
			isa = PBXNativeTarget;
			buildConfigurationList = 141ED07D1F0148B50063B6D8 /* Build configuration list for PBXNativeTarget "NewsDemo" */;
			buildPhases = (
				2275AF7CD6E3990E075E9D1F /* [CP] Check Pods Manifest.lock */,
				141ED0491F0148B50063B6D8 /* Sources */,
				141ED04A1F0148B50063B6D8 /* Frameworks */,
				141ED04B1F0148B50063B6D8 /* Resources */,
				4C0B40B282F24542CE12FEE6 /* [CP] Embed Pods Frameworks */,
				E6560A91378FE6D699539F32 /* [CP] Copy Pods Resources */,
			);
			buildRules = (
			);
			dependencies = (
			);
			name = NewsDemo;
			productName = NewsDemo;
			productReference = 141ED04D1F0148B50063B6D8 /* NewsDemo.app */;
			productType = "com.apple.product-type.application";
		};
		141ED0681F0148B50063B6D8 /* NewsDemoTests */ = {
			isa = PBXNativeTarget;
			buildConfigurationList = 141ED0801F0148B50063B6D8 /* Build configuration list for PBXNativeTarget "NewsDemoTests" */;
			buildPhases = (
				141ED0651F0148B50063B6D8 /* Sources */,
				141ED0661F0148B50063B6D8 /* Frameworks */,
				141ED0671F0148B50063B6D8 /* Resources */,
			);
			buildRules = (
			);
			dependencies = (
				141ED06B1F0148B50063B6D8 /* PBXTargetDependency */,
			);
			name = NewsDemoTests;
			productName = NewsDemoTests;
			productReference = 141ED0691F0148B50063B6D8 /* NewsDemoTests.xctest */;
			productType = "com.apple.product-type.bundle.unit-test";
		};
		141ED0731F0148B50063B6D8 /* NewsDemoUITests */ = {
			isa = PBXNativeTarget;
			buildConfigurationList = 141ED0831F0148B50063B6D8 /* Build configuration list for PBXNativeTarget "NewsDemoUITests" */;
			buildPhases = (
				141ED0701F0148B50063B6D8 /* Sources */,
				141ED0711F0148B50063B6D8 /* Frameworks */,
				141ED0721F0148B50063B6D8 /* Resources */,
			);
			buildRules = (
			);
			dependencies = (
				141ED0761F0148B50063B6D8 /* PBXTargetDependency */,
			);
			name = NewsDemoUITests;
			productName = NewsDemoUITests;
			productReference = 141ED0741F0148B50063B6D8 /* NewsDemoUITests.xctest */;
			productType = "com.apple.product-type.bundle.ui-testing";
		};
/* End PBXNativeTarget section */

/* Begin PBXProject section */
		141ED0451F0148B50063B6D8 /* Project object */ = {
			isa = PBXProject;
			attributes = {
				LastUpgradeCheck = 0830;
				ORGANIZATIONNAME = Seven;
				TargetAttributes = {
					141ED04C1F0148B50063B6D8 = {
						CreatedOnToolsVersion = 8.3.2;
						ProvisioningStyle = Automatic;
					};
					141ED0681F0148B50063B6D8 = {
						CreatedOnToolsVersion = 8.3.2;
						ProvisioningStyle = Automatic;
						TestTargetID = 141ED04C1F0148B50063B6D8;
					};
					141ED0731F0148B50063B6D8 = {
						CreatedOnToolsVersion = 8.3.2;
						ProvisioningStyle = Automatic;
						TestTargetID = 141ED04C1F0148B50063B6D8;
					};
				};
			};
			buildConfigurationList = 141ED0481F0148B50063B6D8 /* Build configuration list for PBXProject "NewsDemo" */;
			compatibilityVersion = "Xcode 3.2";
			developmentRegion = English;
			hasScannedForEncodings = 0;
			knownRegions = (
				en,
				Base,
			);
			mainGroup = 141ED0441F0148B50063B6D8;
			productRefGroup = 141ED04E1F0148B50063B6D8 /* Products */;
			projectDirPath = "";
			projectRoot = "";
			targets = (
				141ED04C1F0148B50063B6D8 /* NewsDemo */,
				141ED0681F0148B50063B6D8 /* NewsDemoTests */,
				141ED0731F0148B50063B6D8 /* NewsDemoUITests */,
			);
		};
/* End PBXProject section */

/* Begin PBXResourcesBuildPhase section */
		141ED04B1F0148B50063B6D8 /* Resources */ = {
			isa = PBXResourcesBuildPhase;
			buildActionMask = 2147483647;
			files = (
				144D96CB1F029EF00086BBC4 /* WFImageTextNews.xib in Resources */,
				141ED0631F0148B50063B6D8 /* LaunchScreen.storyboard in Resources */,
				144D96CA1F029EF00086BBC4 /* WFImagesNewsCell.xib in Resources */,
				141ED0601F0148B50063B6D8 /* Assets.xcassets in Resources */,
				144D96C81F029EF00086BBC4 /* WFBigImageNewsCell.xib in Resources */,
				144D96D31F029EF00086BBC4 /* WFVideoNewsCell.xib in Resources */,
				141ED05B1F0148B50063B6D8 /* Main.storyboard in Resources */,
				144D96CF1F029EF00086BBC4 /* WFNewsMovieCell.xib in Resources */,
				144D96D11F029EF00086BBC4 /* WFNewsTextCell.xib in Resources */,
				144D96D61F029EF00086BBC4 /* WFVideoTextCell.xib in Resources */,
				144D96CD1F029EF00086BBC4 /* WFNewsADCell.xib in Resources */,
			);
			runOnlyForDeploymentPostprocessing = 0;
		};
		141ED0671F0148B50063B6D8 /* Resources */ = {
			isa = PBXResourcesBuildPhase;
			buildActionMask = 2147483647;
			files = (
			);
			runOnlyForDeploymentPostprocessing = 0;
		};
		141ED0721F0148B50063B6D8 /* Resources */ = {
			isa = PBXResourcesBuildPhase;
			buildActionMask = 2147483647;
			files = (
			);
			runOnlyForDeploymentPostprocessing = 0;
		};
/* End PBXResourcesBuildPhase section */

/* Begin PBXShellScriptBuildPhase section */
		2275AF7CD6E3990E075E9D1F /* [CP] Check Pods Manifest.lock */ = {
			isa = PBXShellScriptBuildPhase;
			buildActionMask = 2147483647;
			files = (
			);
			inputPaths = (
			);
			name = "[CP] Check Pods Manifest.lock";
			outputPaths = (
			);
			runOnlyForDeploymentPostprocessing = 0;
			shellPath = /bin/sh;
			shellScript = "diff \"${PODS_PODFILE_DIR_PATH}/Podfile.lock\" \"${PODS_ROOT}/Manifest.lock\" > /dev/null\nif [ $? != 0 ] ; then\n    # print error to STDERR\n    echo \"error: The sandbox is not in sync with the Podfile.lock. Run 'pod install' or update your CocoaPods installation.\" >&2\n    exit 1\nfi\n";
			showEnvVarsInLog = 0;
		};
		4C0B40B282F24542CE12FEE6 /* [CP] Embed Pods Frameworks */ = {
			isa = PBXShellScriptBuildPhase;
			buildActionMask = 2147483647;
			files = (
			);
			inputPaths = (
			);
			name = "[CP] Embed Pods Frameworks";
			outputPaths = (
			);
			runOnlyForDeploymentPostprocessing = 0;
			shellPath = /bin/sh;
			shellScript = "\"${SRCROOT}/Pods/Target Support Files/Pods-NewsDemo/Pods-NewsDemo-frameworks.sh\"\n";
			showEnvVarsInLog = 0;
		};
		E6560A91378FE6D699539F32 /* [CP] Copy Pods Resources */ = {
			isa = PBXShellScriptBuildPhase;
			buildActionMask = 2147483647;
			files = (
			);
			inputPaths = (
			);
			name = "[CP] Copy Pods Resources";
			outputPaths = (
			);
			runOnlyForDeploymentPostprocessing = 0;
			shellPath = /bin/sh;
			shellScript = "\"${SRCROOT}/Pods/Target Support Files/Pods-NewsDemo/Pods-NewsDemo-resources.sh\"\n";
			showEnvVarsInLog = 0;
		};
/* End PBXShellScriptBuildPhase section */

/* Begin PBXSourcesBuildPhase section */
		141ED0491F0148B50063B6D8 /* Sources */ = {
			isa = PBXSourcesBuildPhase;
			buildActionMask = 2147483647;
			files = (
				144D96CC1F029EF00086BBC4 /* WFNewsADCell.m in Sources */,
				141ED0581F0148B50063B6D8 /* ViewController.m in Sources */,
				144D96C91F029EF00086BBC4 /* WFImagesNewsCell.m in Sources */,
				146C3E631F02B6FC001AC6D3 /* ShieldModule.m in Sources */,
				C772C37B1F0229AD0046678E /* KMNewsAPI.m in Sources */,
				146C3E771F0328FB001AC6D3 /* NewsCache+CoreDataClass.m in Sources */,
				144D96D01F029EF00086BBC4 /* WFNewsTextCell.m in Sources */,
				146C3E7B1F032A51001AC6D3 /* NewsCoreDataManager.m in Sources */,
				144D96CE1F029EF00086BBC4 /* WFNewsMovieCell.m in Sources */,
				144D96D51F029EF00086BBC4 /* WFImageTextNews.m in Sources */,
				C772C3741F0229660046678E /* KMNetWorkManager.m in Sources */,
				C772C3691F02083C0046678E /* UIViewExt.m in Sources */,
				141ED0551F0148B50063B6D8 /* AppDelegate.m in Sources */,
				C772C3681F02083C0046678E /* NSString+WFURLEncode.m in Sources */,
				146C3E6C1F03266E001AC6D3 /* NewsDB.xcdatamodeld in Sources */,
				144D96C71F029EF00086BBC4 /* WFBigImageNewsCell.m in Sources */,
				141ED0521F0148B50063B6D8 /* main.m in Sources */,
				C772C3751F0229660046678E /* KMUtils.m in Sources */,
				144D96D21F029EF00086BBC4 /* WFVideoNewsCell.m in Sources */,
				146C3E781F0328FB001AC6D3 /* NewsCache+CoreDataProperties.m in Sources */,
				C772C37C1F0229AD0046678E /* KMNewsModel.m in Sources */,
				144D96D41F029EF00086BBC4 /* WFVideoTextCell.m in Sources */,
			);
			runOnlyForDeploymentPostprocessing = 0;
		};
		141ED0651F0148B50063B6D8 /* Sources */ = {
			isa = PBXSourcesBuildPhase;
			buildActionMask = 2147483647;
			files = (
				141ED06E1F0148B50063B6D8 /* NewsDemoTests.m in Sources */,
			);
			runOnlyForDeploymentPostprocessing = 0;
		};
		141ED0701F0148B50063B6D8 /* Sources */ = {
			isa = PBXSourcesBuildPhase;
			buildActionMask = 2147483647;
			files = (
				141ED0791F0148B50063B6D8 /* NewsDemoUITests.m in Sources */,
			);
			runOnlyForDeploymentPostprocessing = 0;
		};
/* End PBXSourcesBuildPhase section */

/* Begin PBXTargetDependency section */
		141ED06B1F0148B50063B6D8 /* PBXTargetDependency */ = {
			isa = PBXTargetDependency;
			target = 141ED04C1F0148B50063B6D8 /* NewsDemo */;
			targetProxy = 141ED06A1F0148B50063B6D8 /* PBXContainerItemProxy */;
		};
		141ED0761F0148B50063B6D8 /* PBXTargetDependency */ = {
			isa = PBXTargetDependency;
			target = 141ED04C1F0148B50063B6D8 /* NewsDemo */;
			targetProxy = 141ED0751F0148B50063B6D8 /* PBXContainerItemProxy */;
		};
/* End PBXTargetDependency section */

/* Begin PBXVariantGroup section */
		141ED0591F0148B50063B6D8 /* Main.storyboard */ = {
			isa = PBXVariantGroup;
			children = (
				141ED05A1F0148B50063B6D8 /* Base */,
			);
			name = Main.storyboard;
			sourceTree = "<group>";
		};
		141ED0611F0148B50063B6D8 /* LaunchScreen.storyboard */ = {
			isa = PBXVariantGroup;
			children = (
				141ED0621F0148B50063B6D8 /* Base */,
			);
			name = LaunchScreen.storyboard;
			sourceTree = "<group>";
		};
/* End PBXVariantGroup section */

/* Begin XCBuildConfiguration section */
		141ED07B1F0148B50063B6D8 /* Debug */ = {
			isa = XCBuildConfiguration;
			buildSettings = {
				ALWAYS_SEARCH_USER_PATHS = NO;
				CLANG_ANALYZER_NONNULL = YES;
				CLANG_ANALYZER_NUMBER_OBJECT_CONVERSION = YES_AGGRESSIVE;
				CLANG_CXX_LANGUAGE_STANDARD = "gnu++0x";
				CLANG_CXX_LIBRARY = "libc++";
				CLANG_ENABLE_MODULES = YES;
				CLANG_ENABLE_OBJC_ARC = YES;
				CLANG_WARN_BOOL_CONVERSION = YES;
				CLANG_WARN_CONSTANT_CONVERSION = YES;
				CLANG_WARN_DIRECT_OBJC_ISA_USAGE = YES_ERROR;
				CLANG_WARN_DOCUMENTATION_COMMENTS = YES;
				CLANG_WARN_EMPTY_BODY = YES;
				CLANG_WARN_ENUM_CONVERSION = YES;
				CLANG_WARN_INFINITE_RECURSION = YES;
				CLANG_WARN_INT_CONVERSION = YES;
				CLANG_WARN_OBJC_ROOT_CLASS = YES_ERROR;
				CLANG_WARN_SUSPICIOUS_MOVE = YES;
				CLANG_WARN_UNREACHABLE_CODE = YES;
				CLANG_WARN__DUPLICATE_METHOD_MATCH = YES;
				"CODE_SIGN_IDENTITY[sdk=iphoneos*]" = "iPhone Developer";
				COPY_PHASE_STRIP = NO;
				DEBUG_INFORMATION_FORMAT = dwarf;
				ENABLE_STRICT_OBJC_MSGSEND = YES;
				ENABLE_TESTABILITY = YES;
				GCC_C_LANGUAGE_STANDARD = gnu99;
				GCC_DYNAMIC_NO_PIC = NO;
				GCC_NO_COMMON_BLOCKS = YES;
				GCC_OPTIMIZATION_LEVEL = 0;
				GCC_PREFIX_HEADER = "$(SRCROOT)/NewsDemo/PrefixHeader.pch";
				GCC_PREPROCESSOR_DEFINITIONS = (
					"DEBUG=1",
					"$(inherited)",
				);
				GCC_WARN_64_TO_32_BIT_CONVERSION = YES;
				GCC_WARN_ABOUT_RETURN_TYPE = YES_ERROR;
				GCC_WARN_UNDECLARED_SELECTOR = YES;
				GCC_WARN_UNINITIALIZED_AUTOS = YES_AGGRESSIVE;
				GCC_WARN_UNUSED_FUNCTION = YES;
				GCC_WARN_UNUSED_VARIABLE = YES;
				IPHONEOS_DEPLOYMENT_TARGET = 10.3;
				MTL_ENABLE_DEBUG_INFO = YES;
				ONLY_ACTIVE_ARCH = YES;
				SDKROOT = iphoneos;
				TARGETED_DEVICE_FAMILY = "1,2";
			};
			name = Debug;
		};
		141ED07C1F0148B50063B6D8 /* Release */ = {
			isa = XCBuildConfiguration;
			buildSettings = {
				ALWAYS_SEARCH_USER_PATHS = NO;
				CLANG_ANALYZER_NONNULL = YES;
				CLANG_ANALYZER_NUMBER_OBJECT_CONVERSION = YES_AGGRESSIVE;
				CLANG_CXX_LANGUAGE_STANDARD = "gnu++0x";
				CLANG_CXX_LIBRARY = "libc++";
				CLANG_ENABLE_MODULES = YES;
				CLANG_ENABLE_OBJC_ARC = YES;
				CLANG_WARN_BOOL_CONVERSION = YES;
				CLANG_WARN_CONSTANT_CONVERSION = YES;
				CLANG_WARN_DIRECT_OBJC_ISA_USAGE = YES_ERROR;
				CLANG_WARN_DOCUMENTATION_COMMENTS = YES;
				CLANG_WARN_EMPTY_BODY = YES;
				CLANG_WARN_ENUM_CONVERSION = YES;
				CLANG_WARN_INFINITE_RECURSION = YES;
				CLANG_WARN_INT_CONVERSION = YES;
				CLANG_WARN_OBJC_ROOT_CLASS = YES_ERROR;
				CLANG_WARN_SUSPICIOUS_MOVE = YES;
				CLANG_WARN_UNREACHABLE_CODE = YES;
				CLANG_WARN__DUPLICATE_METHOD_MATCH = YES;
				"CODE_SIGN_IDENTITY[sdk=iphoneos*]" = "iPhone Developer";
				COPY_PHASE_STRIP = NO;
				DEBUG_INFORMATION_FORMAT = "dwarf-with-dsym";
				ENABLE_NS_ASSERTIONS = NO;
				ENABLE_STRICT_OBJC_MSGSEND = YES;
				GCC_C_LANGUAGE_STANDARD = gnu99;
				GCC_NO_COMMON_BLOCKS = YES;
				GCC_PREFIX_HEADER = "$(SRCROOT)/NewsDemo/PrefixHeader.pch";
				GCC_WARN_64_TO_32_BIT_CONVERSION = YES;
				GCC_WARN_ABOUT_RETURN_TYPE = YES_ERROR;
				GCC_WARN_UNDECLARED_SELECTOR = YES;
				GCC_WARN_UNINITIALIZED_AUTOS = YES_AGGRESSIVE;
				GCC_WARN_UNUSED_FUNCTION = YES;
				GCC_WARN_UNUSED_VARIABLE = YES;
				IPHONEOS_DEPLOYMENT_TARGET = 10.3;
				MTL_ENABLE_DEBUG_INFO = NO;
				SDKROOT = iphoneos;
				TARGETED_DEVICE_FAMILY = "1,2";
				VALIDATE_PRODUCT = YES;
			};
			name = Release;
		};
		141ED07E1F0148B50063B6D8 /* Debug */ = {
			isa = XCBuildConfiguration;
			baseConfigurationReference = 627DF82E776872C2E52206A9 /* Pods-NewsDemo.debug.xcconfig */;
			buildSettings = {
				ASSETCATALOG_COMPILER_APPICON_NAME = AppIcon;
				INFOPLIST_FILE = NewsDemo/Info.plist;
				LD_RUNPATH_SEARCH_PATHS = "$(inherited) @executable_path/Frameworks";
				PRODUCT_BUNDLE_IDENTIFIER = com.likunming.NewsDemo;
				PRODUCT_NAME = "$(TARGET_NAME)";
			};
			name = Debug;
		};
		141ED07F1F0148B50063B6D8 /* Release */ = {
			isa = XCBuildConfiguration;
			baseConfigurationReference = C88A758677C660B2C084DC02 /* Pods-NewsDemo.release.xcconfig */;
			buildSettings = {
				ASSETCATALOG_COMPILER_APPICON_NAME = AppIcon;
				INFOPLIST_FILE = NewsDemo/Info.plist;
				LD_RUNPATH_SEARCH_PATHS = "$(inherited) @executable_path/Frameworks";
				PRODUCT_BUNDLE_IDENTIFIER = com.likunming.NewsDemo;
				PRODUCT_NAME = "$(TARGET_NAME)";
			};
			name = Release;
		};
		141ED0811F0148B50063B6D8 /* Debug */ = {
			isa = XCBuildConfiguration;
			buildSettings = {
				BUNDLE_LOADER = "$(TEST_HOST)";
				INFOPLIST_FILE = NewsDemoTests/Info.plist;
				LD_RUNPATH_SEARCH_PATHS = "$(inherited) @executable_path/Frameworks @loader_path/Frameworks";
				PRODUCT_BUNDLE_IDENTIFIER = com.likunming.NewsDemoTests;
				PRODUCT_NAME = "$(TARGET_NAME)";
				TEST_HOST = "$(BUILT_PRODUCTS_DIR)/NewsDemo.app/NewsDemo";
			};
			name = Debug;
		};
		141ED0821F0148B50063B6D8 /* Release */ = {
			isa = XCBuildConfiguration;
			buildSettings = {
				BUNDLE_LOADER = "$(TEST_HOST)";
				INFOPLIST_FILE = NewsDemoTests/Info.plist;
				LD_RUNPATH_SEARCH_PATHS = "$(inherited) @executable_path/Frameworks @loader_path/Frameworks";
				PRODUCT_BUNDLE_IDENTIFIER = com.likunming.NewsDemoTests;
				PRODUCT_NAME = "$(TARGET_NAME)";
				TEST_HOST = "$(BUILT_PRODUCTS_DIR)/NewsDemo.app/NewsDemo";
			};
			name = Release;
		};
		141ED0841F0148B50063B6D8 /* Debug */ = {
			isa = XCBuildConfiguration;
			buildSettings = {
				INFOPLIST_FILE = NewsDemoUITests/Info.plist;
				LD_RUNPATH_SEARCH_PATHS = "$(inherited) @executable_path/Frameworks @loader_path/Frameworks";
				PRODUCT_BUNDLE_IDENTIFIER = com.likunming.NewsDemoUITests;
				PRODUCT_NAME = "$(TARGET_NAME)";
				TEST_TARGET_NAME = NewsDemo;
			};
			name = Debug;
		};
		141ED0851F0148B50063B6D8 /* Release */ = {
			isa = XCBuildConfiguration;
			buildSettings = {
				INFOPLIST_FILE = NewsDemoUITests/Info.plist;
				LD_RUNPATH_SEARCH_PATHS = "$(inherited) @executable_path/Frameworks @loader_path/Frameworks";
				PRODUCT_BUNDLE_IDENTIFIER = com.likunming.NewsDemoUITests;
				PRODUCT_NAME = "$(TARGET_NAME)";
				TEST_TARGET_NAME = NewsDemo;
			};
			name = Release;
		};
/* End XCBuildConfiguration section */

/* Begin XCConfigurationList section */
		141ED0481F0148B50063B6D8 /* Build configuration list for PBXProject "NewsDemo" */ = {
			isa = XCConfigurationList;
			buildConfigurations = (
				141ED07B1F0148B50063B6D8 /* Debug */,
				141ED07C1F0148B50063B6D8 /* Release */,
			);
			defaultConfigurationIsVisible = 0;
			defaultConfigurationName = Release;
		};
		141ED07D1F0148B50063B6D8 /* Build configuration list for PBXNativeTarget "NewsDemo" */ = {
			isa = XCConfigurationList;
			buildConfigurations = (
				141ED07E1F0148B50063B6D8 /* Debug */,
				141ED07F1F0148B50063B6D8 /* Release */,
			);
			defaultConfigurationIsVisible = 0;
			defaultConfigurationName = Release;
		};
		141ED0801F0148B50063B6D8 /* Build configuration list for PBXNativeTarget "NewsDemoTests" */ = {
			isa = XCConfigurationList;
			buildConfigurations = (
				141ED0811F0148B50063B6D8 /* Debug */,
				141ED0821F0148B50063B6D8 /* Release */,
			);
			defaultConfigurationIsVisible = 0;
			defaultConfigurationName = Release;
		};
		141ED0831F0148B50063B6D8 /* Build configuration list for PBXNativeTarget "NewsDemoUITests" */ = {
			isa = XCConfigurationList;
			buildConfigurations = (
				141ED0841F0148B50063B6D8 /* Debug */,
				141ED0851F0148B50063B6D8 /* Release */,
			);
			defaultConfigurationIsVisible = 0;
			defaultConfigurationName = Release;
		};
/* End XCConfigurationList section */

/* Begin XCVersionGroup section */
		146C3E6A1F03266E001AC6D3 /* NewsDB.xcdatamodeld */ = {
			isa = XCVersionGroup;
			children = (
				146C3E6B1F03266E001AC6D3 /* NewsDB.xcdatamodel */,
			);
			currentVersion = 146C3E6B1F03266E001AC6D3 /* NewsDB.xcdatamodel */;
			path = NewsDB.xcdatamodeld;
			sourceTree = "<group>";
			versionGroupType = wrapper.xcdatamodel;
		};
/* End XCVersionGroup section */
	};
	rootObject = 141ED0451F0148B50063B6D8 /* Project object */;
}
